// !$*UTF8*$!
{
	archiveVersion = 1;
	classes = {
	};
	objectVersion = 46;
	objects = {

/* Begin PBXBuildFile section */
		65993E1C1A181F26009A0312 /* to_csv.c in Sources */ = {isa = PBXBuildFile; fileRef = 65993E1A1A181F26009A0312 /* to_csv.c */; };
/* End PBXBuildFile section */

/* Begin PBXCopyFilesBuildPhase section */
		65993E0D1A181E83009A0312 /* CopyFiles */ = {
			isa = PBXCopyFilesBuildPhase;
			buildActionMask = 2147483647;
			dstPath = /usr/share/man/man1/;
			dstSubfolderSpec = 0;
			files = (
			);
			runOnlyForDeploymentPostprocessing = 1;
		};
/* End PBXCopyFilesBuildPhase section */

/* Begin PBXFileReference section */
		65993E0F1A181E83009A0312 /* rp_client_tools */ = {isa = PBXFileReference; explicitFileType = "compiled.mach-o.executable"; includeInIndex = 0; path = rp_client_tools; sourceTree = BUILT_PRODUCTS_DIR; };
		65993E1A1A181F26009A0312 /* to_csv.c */ = {isa = PBXFileReference; fileEncoding = 4; lastKnownFileType = sourcecode.c.c; name = to_csv.c; path = ../source/c/to_csv.c; sourceTree = "<group>"; };
		65993E1B1A181F26009A0312 /* to_csv.h */ = {isa = PBXFileReference; fileEncoding = 4; lastKnownFileType = sourcecode.c.h; name = to_csv.h; path = ../source/c/to_csv.h; sourceTree = "<group>"; };
/* End PBXFileReference section */

/* Begin PBXFrameworksBuildPhase section */
		65993E0C1A181E83009A0312 /* Frameworks */ = {
			isa = PBXFrameworksBuildPhase;
			buildActionMask = 2147483647;
			files = (
			);
			runOnlyForDeploymentPostprocessing = 0;
		};
/* End PBXFrameworksBuildPhase section */

/* Begin PBXGroup section */
		65993E061A181E83009A0312 = {
			isa = PBXGroup;
			children = (
				65993E191A181EFD009A0312 /* source */,
				65993E101A181E83009A0312 /* Products */,
			);
			sourceTree = "<group>";
		};
		65993E101A181E83009A0312 /* Products */ = {
			isa = PBXGroup;
			children = (
				65993E0F1A181E83009A0312 /* rp_client_tools */,
			);
			name = Products;
			sourceTree = "<group>";
		};
		65993E191A181EFD009A0312 /* source */ = {
			isa = PBXGroup;
			children = (
				65993E1A1A181F26009A0312 /* to_csv.c */,
				65993E1B1A181F26009A0312 /* to_csv.h */,
			);
			name = source;
			sourceTree = "<group>";
		};
/* End PBXGroup section */

/* Begin PBXNativeTarget section */
		65993E0E1A181E83009A0312 /* rp_client_tools */ = {
			isa = PBXNativeTarget;
			buildConfigurationList = 65993E161A181E83009A0312 /* Build configuration list for PBXNativeTarget "rp_client_tools" */;
			buildPhases = (
				65993E0B1A181E83009A0312 /* Sources */,
				65993E0C1A181E83009A0312 /* Frameworks */,
				65993E0D1A181E83009A0312 /* CopyFiles */,
			);
			buildRules = (
			);
			dependencies = (
			);
			name = rp_client_tools;
			productName = rp_client_tools;
			productReference = 65993E0F1A181E83009A0312 /* rp_client_tools */;
			productType = "com.apple.product-type.tool";
		};
/* End PBXNativeTarget section */

/* Begin PBXProject section */
		65993E071A181E83009A0312 /* Project object */ = {
			isa = PBXProject;
			attributes = {
				LastUpgradeCheck = 0610;
				ORGANIZATIONNAME = Kinmantech;
				TargetAttributes = {
					65993E0E1A181E83009A0312 = {
						CreatedOnToolsVersion = 6.1;
					};
				};
			};
			buildConfigurationList = 65993E0A1A181E83009A0312 /* Build configuration list for PBXProject "rp_client_tools" */;
			compatibilityVersion = "Xcode 3.2";
			developmentRegion = English;
			hasScannedForEncodings = 0;
			knownRegions = (
				en,
			);
			mainGroup = 65993E061A181E83009A0312;
			productRefGroup = 65993E101A181E83009A0312 /* Products */;
			projectDirPath = "";
			projectRoot = "";
			targets = (
				65993E0E1A181E83009A0312 /* rp_client_tools */,
			);
		};
/* End PBXProject section */

/* Begin PBXSourcesBuildPhase section */
		65993E0B1A181E83009A0312 /* Sources */ = {
			isa = PBXSourcesBuildPhase;
			buildActionMask = 2147483647;
			files = (
				65993E1C1A181F26009A0312 /* to_csv.c in Sources */,
			);
			runOnlyForDeploymentPostprocessing = 0;
		};
/* End PBXSourcesBuildPhase section */

/* Begin XCBuildConfiguration section */
		65993E141A181E83009A0312 /* Debug */ = {
			isa = XCBuildConfiguration;
			buildSettings = {
				ALWAYS_SEARCH_USER_PATHS = NO;
				CLANG_CXX_LANGUAGE_STANDARD = "gnu++0x";
				CLANG_CXX_LIBRARY = "libc++";
				CLANG_ENABLE_MODULES = YES;
				CLANG_ENABLE_OBJC_ARC = YES;
				CLANG_WARN_BOOL_CONVERSION = YES;
				CLANG_WARN_CONSTANT_CONVERSION = YES;
				CLANG_WARN_DIRECT_OBJC_ISA_USAGE = YES_ERROR;
				CLANG_WARN_EMPTY_BODY = YES;
				CLANG_WARN_ENUM_CONVERSION = YES;
				CLANG_WARN_INT_CONVERSION = YES;
				CLANG_WARN_OBJC_ROOT_CLASS = YES_ERROR;
				CLANG_WARN_UNREACHABLE_CODE = YES;
				CLANG_WARN__DUPLICATE_METHOD_MATCH = YES;
				COPY_PHASE_STRIP = NO;
				ENABLE_STRICT_OBJC_MSGSEND = YES;
				GCC_C_LANGUAGE_STANDARD = gnu99;
				GCC_DYNAMIC_NO_PIC = NO;
				GCC_OPTIMIZATION_LEVEL = 0;
				GCC_PREPROCESSOR_DEFINITIONS = (
					"DEBUG=1",
					"$(inherited)",
				);
				GCC_SYMBOLS_PRIVATE_EXTERN = NO;
				GCC_WARN_64_TO_32_BIT_CONVERSION = YES;
				GCC_WARN_ABOUT_RETURN_TYPE = YES_ERROR;
				GCC_WARN_UNDECLARED_SELECTOR = YES;
				GCC_WARN_UNINITIALIZED_AUTOS = YES_AGGRESSIVE;
				GCC_WARN_UNUSED_FUNCTION = YES;
				GCC_WARN_UNUSED_VARIABLE = YES;
				MACOSX_DEPLOYMENT_TARGET = 10.10;
				MTL_ENABLE_DEBUG_INFO = YES;
				ONLY_ACTIVE_ARCH = YES;
				SDKROOT = macosx;
			};
			name = Debug;
		};
		65993E151A181E83009A0312 /* Release */ = {
			isa = XCBuildConfiguration;
			buildSettings = {
				ALWAYS_SEARCH_USER_PATHS = NO;
				CLANG_CXX_LANGUAGE_STANDARD = "gnu++0x";
				CLANG_CXX_LIBRARY = "libc++";
				CLANG_ENABLE_MODULES = YES;
				CLANG_ENABLE_OBJC_ARC = YES;
				CLANG_WARN_BOOL_CONVERSION = YES;
				CLANG_WARN_CONSTANT_CONVERSION = YES;
				CLANG_WARN_DIRECT_OBJC_ISA_USAGE = YES_ERROR;
				CLANG_WARN_EMPTY_BODY = YES;
				CLANG_WARN_ENUM_CONVERSION = YES;
				CLANG_WARN_INT_CONVERSION = YES;
				CLANG_WARN_OBJC_ROOT_CLASS = YES_ERROR;
				CLANG_WARN_UNREACHABLE_CODE = YES;
				CLANG_WARN__DUPLICATE_METHOD_MATCH = YES;
				COPY_PHASE_STRIP = YES;
				DEBUG_INFORMATION_FORMAT = "dwarf-with-dsym";
				ENABLE_NS_ASSERTIONS = NO;
				ENABLE_STRICT_OBJC_MSGSEND = YES;
				GCC_C_LANGUAGE_STANDARD = gnu99;
				GCC_WARN_64_TO_32_BIT_CONVERSION = YES;
				GCC_WARN_ABOUT_RETURN_TYPE = YES_ERROR;
				GCC_WARN_UNDECLARED_SELECTOR = YES;
				GCC_WARN_UNINITIALIZED_AUTOS = YES_AGGRESSIVE;
				GCC_WARN_UNUSED_FUNCTION = YES;
				GCC_WARN_UNUSED_VARIABLE = YES;
				MACOSX_DEPLOYMENT_TARGET = 10.10;
				MTL_ENABLE_DEBUG_INFO = NO;
				SDKROOT = macosx;
			};
			name = Release;
		};
		65993E171A181E83009A0312 /* Debug */ = {
			isa = XCBuildConfiguration;
			buildSettings = {
				PRODUCT_NAME = "$(TARGET_NAME)";
			};
			name = Debug;
		};
		65993E181A181E83009A0312 /* Release */ = {
			isa = XCBuildConfiguration;
			buildSettings = {
				PRODUCT_NAME = "$(TARGET_NAME)";
			};
			name = Release;
		};
/* End XCBuildConfiguration section */

/* Begin XCConfigurationList section */
		65993E0A1A181E83009A0312 /* Build configuration list for PBXProject "rp_client_tools" */ = {
			isa = XCConfigurationList;
			buildConfigurations = (
				65993E141A181E83009A0312 /* Debug */,
				65993E151A181E83009A0312 /* Release */,
			);
			defaultConfigurationIsVisible = 0;
			defaultConfigurationName = Release;
		};
		65993E161A181E83009A0312 /* Build configuration list for PBXNativeTarget "rp_client_tools" */ = {
			isa = XCConfigurationList;
			buildConfigurations = (
				65993E171A181E83009A0312 /* Debug */,
				65993E181A181E83009A0312 /* Release */,
			);
			defaultConfigurationIsVisible = 0;
			defaultConfigurationName = Release;
		};
/* End XCConfigurationList section */
	};
	rootObject = 65993E071A181E83009A0312 /* Project object */;
}
